
Microsoft Visual Studio Solution File, Format Version 12.00
# Visual Studio Version 16
VisualStudioVersion = 16.0.31515.178
MinimumVisualStudioVersion = 10.0.40219.1
Project("{FAE04EC0-301F-11D3-BF4B-00C04F79EFBC}") = "Intercompany Core", "Intercompany Core\Intercompany Core.csproj", "{B758DAF5-C916-42E5-AA6C-100894F052F5}"
EndProject
Global
	GlobalSection(SolutionConfigurationPlatforms) = preSolution
		Debug|Any CPU = Debug|Any CPU
		Release|Any CPU = Release|Any CPU
	EndGlobalSection
	GlobalSection(ProjectConfigurationPlatforms) = postSolution
		{B758DAF5-C916-42E5-AA6C-100894F052F5}.Debug|Any CPU.ActiveCfg = Debug|Any CPU
		{B758DAF5-C916-42E5-AA6C-100894F052F5}.Debug|Any CPU.Build.0 = Debug|Any CPU
		{B758DAF5-C916-42E5-AA6C-100894F052F5}.Release|Any CPU.ActiveCfg = Release|Any CPU
		{B758DAF5-C916-42E5-AA6C-100894F052F5}.Release|Any CPU.Build.0 = Release|Any CPU
	EndGlobalSection
	GlobalSection(SolutionProperties) = preSolution
		HideSolutionNode = FALSE
	EndGlobalSection
	GlobalSection(ExtensibilityGlobals) = postSolution
		SolutionGuid = {271DC7E6-5454-4611-95B7-EC4D397B6AD1}
	EndGlobalSection
EndGlobal
